
Microsoft Visual Studio Solution File, Format Version 12.00
# Visual Studio Version 16
VisualStudioVersion = 16.0.31613.86
MinimumVisualStudioVersion = 10.0.40219.1
Project("{9A19103F-16F7-4668-BE54-9A1E7A4F7556}") = "BlazorChartist", "BlazorChartist\BlazorChartist.csproj", "{CFBAB386-8D5B-4DA6-A810-B2DD7EBF35D8}"
EndProject
Project("{2150E333-8FDC-42A3-9474-1A3956D46DE8}") = "src", "src", "{4EE7BC75-BEF4-463F-914A-CC8252284217}"
EndProject
Project("{2150E333-8FDC-42A3-9474-1A3956D46DE8}") = "Sample", "Sample", "{5EFD6128-DF5F-4BD5-AA23-93A2BC41ED17}"
EndProject
Project("{9A19103F-16F7-4668-BE54-9A1E7A4F7556}") = "WebAssemblySample", "WebAssemblySample\WebAssemblySample.csproj", "{7BED7451-14C4-49FD-8244-6DE94D2CAFF4}"
EndProject
Global
	GlobalSection(SolutionConfigurationPlatforms) = preSolution
		Debug|Any CPU = Debug|Any CPU
		Release|Any CPU = Release|Any CPU
	EndGlobalSection
	GlobalSection(ProjectConfigurationPlatforms) = postSolution
		{CFBAB386-8D5B-4DA6-A810-B2DD7EBF35D8}.Debug|Any CPU.ActiveCfg = Debug|Any CPU
		{CFBAB386-8D5B-4DA6-A810-B2DD7EBF35D8}.Debug|Any CPU.Build.0 = Debug|Any CPU
		{CFBAB386-8D5B-4DA6-A810-B2DD7EBF35D8}.Release|Any CPU.ActiveCfg = Release|Any CPU
		{CFBAB386-8D5B-4DA6-A810-B2DD7EBF35D8}.Release|Any CPU.Build.0 = Release|Any CPU
		{7BED7451-14C4-49FD-8244-6DE94D2CAFF4}.Debug|Any CPU.ActiveCfg = Debug|Any CPU
		{7BED7451-14C4-49FD-8244-6DE94D2CAFF4}.Debug|Any CPU.Build.0 = Debug|Any CPU
		{7BED7451-14C4-49FD-8244-6DE94D2CAFF4}.Release|Any CPU.ActiveCfg = Release|Any CPU
		{7BED7451-14C4-49FD-8244-6DE94D2CAFF4}.Release|Any CPU.Build.0 = Release|Any CPU
	EndGlobalSection
	GlobalSection(SolutionProperties) = preSolution
		HideSolutionNode = FALSE
	EndGlobalSection
	GlobalSection(NestedProjects) = preSolution
		{CFBAB386-8D5B-4DA6-A810-B2DD7EBF35D8} = {4EE7BC75-BEF4-463F-914A-CC8252284217}
		{7BED7451-14C4-49FD-8244-6DE94D2CAFF4} = {5EFD6128-DF5F-4BD5-AA23-93A2BC41ED17}
	EndGlobalSection
	GlobalSection(ExtensibilityGlobals) = postSolution
		SolutionGuid = {9235B691-1123-46EF-962B-5FD69544E568}
	EndGlobalSection
EndGlobal
